<?xml version="1.0" encoding="utf-8"?>
<Project ToolsVersion="4.0" xmlns="http://schemas.microsoft.com/developer/msbuild/2003">
  <ItemGroup>
    <Filter Include="Source Files">
      <UniqueIdentifier>{4FC737F1-C7A5-4376-A066-2A32D752A2FF}</UniqueIdentifier>
      <Extensions>cpp;c;cc;cxx;def;odl;idl;hpj;bat;asm;asmx</Extensions>
    </Filter>
    <Filter Include="Header Files">
      <UniqueIdentifier>{93995380-89BD-4b04-88EB-625FBE52EBFB}</UniqueIdentifier>
      <Extensions>h;hpp;hxx;hm;inl;inc;xsd</Extensions>
    </Filter>
    <Filter Include="Source Files\Engine">
      <UniqueIdentifier>{ce41d831-64b3-4a6b-9158-0d3d59d89495}</UniqueIdentifier>
    </Filter>
    <Filter Include="Source Files\Engine\Core">
      <UniqueIdentifier>{be91e4f8-f753-48ab-9474-b4435736abb0}</UniqueIdentifier>
    </Filter>
    <Filter Include="Source Files\Engine\Object">
      <UniqueIdentifier>{b40830d8-a628-4f20-a661-9d8d1c8fab37}</UniqueIdentifier>
    </Filter>
    <Filter Include="Source Files\Engine\Object\Components">
      <UniqueIdentifier>{8513abc0-0b45-431e-a47e-14ec3d5f15dc}</UniqueIdentifier>
    </Filter>
    <Filter Include="Source Files\Engine\Utils">
      <UniqueIdentifier>{c89dbde0-3e90-4d06-80b0-e06c43fc7088}</UniqueIdentifier>
    </Filter>
    <Filter Include="Source Files\Engine\Renderer">
      <UniqueIdentifier>{85e38fef-447c-4078-bd8a-6ff5fac2d765}</UniqueIdentifier>
    </Filter>
    <Filter Include="Source Files\Game">
      <UniqueIdentifier>{9569fd15-3d58-4a52-bdd1-58d30077927a}</UniqueIdentifier>
    </Filter>
    <Filter Include="Header Files\Engine">
      <UniqueIdentifier>{f9da69c3-803e-46fd-8445-43be8d979e8e}</UniqueIdentifier>
    </Filter>
    <Filter Include="Header Files\Engine\Core">
      <UniqueIdentifier>{3fe2a8d1-51a1-43d0-a1fe-7159eaf1625e}</UniqueIdentifier>
    </Filter>
    <Filter Include="Header Files\Engine\Renderer">
      <UniqueIdentifier>{3038a03c-2983-49ab-92e0-c71424b3cfcd}</UniqueIdentifier>
    </Filter>
    <Filter Include="Header Files\Engine\Object">
      <UniqueIdentifier>{2ab5ab37-346a-4f9b-adce-ad01c50ba38c}</UniqueIdentifier>
    </Filter>
    <Filter Include="Header Files\Engine\Object\Components">
      <UniqueIdentifier>{d81907ea-4450-4845-9a33-e5d0bbddc3a3}</UniqueIdentifier>
    </Filter>
    <Filter Include="Header Files\Engine\Utils">
      <UniqueIdentifier>{de0039df-b008-41b0-8906-d8c144a53e76}</UniqueIdentifier>
    </Filter>
    <Filter Include="Header Files\Game">
      <UniqueIdentifier>{f579bc2c-5ab5-443f-991d-195722cc5973}</UniqueIdentifier>
    </Filter>
    <Filter Include="Header Files\Game\Engine Test">
      <UniqueIdentifier>{f3d3d7cc-138b-4a2e-878f-d7d78a6a4a78}</UniqueIdentifier>
    </Filter>
    <Filter Include="Source Files\Game\Engine Test">
      <UniqueIdentifier>{6ece8d5a-1876-43b9-96d9-8d48bbd23e02}</UniqueIdentifier>
    </Filter>
    <Filter Include="Resource Files">
      <UniqueIdentifier>{67DA6AB6-F800-4c08-8B7A-83BB121AAD01}</UniqueIdentifier>
      <Extensions>rc;ico;cur;bmp;dlg;rc2;rct;bin;rgs;gif;jpg;jpeg;jpe;resx;tiff;tif;png;wav;mfcribbon-ms</Extensions>
    </Filter>
  </ItemGroup>
  <ItemGroup>
    <ClInclude Include="utils.h">
      <Filter>Header Files\Engine\Utils</Filter>
    </ClInclude>
    <ClInclude Include="time.h">
      <Filter>Header Files\Engine\Utils</Filter>
    </ClInclude>
    <ClInclude Include="math3d.h">
      <Filter>Header Files\Engine\Utils</Filter>
    </ClInclude>
    <ClInclude Include="window.h">
      <Filter>Header Files\Engine\Renderer</Filter>
    </ClInclude>
    <ClInclude Include="rendering_engine.h">
      <Filter>Header Files\Engine\Renderer</Filter>
    </ClInclude>
    <ClInclude Include="sdl_backend.h">
      <Filter>Header Files\Engine\Core</Filter>
    </ClInclude>
    <ClInclude Include="input.h">
      <Filter>Header Files\Engine\Core</Filter>
    </ClInclude>
    <ClInclude Include="game.h">
      <Filter>Header Files\Engine\Core</Filter>
    </ClInclude>
    <ClInclude Include="core_engine.h">
      <Filter>Header Files\Engine\Core</Filter>
    </ClInclude>
    <ClInclude Include="game_object.h">
      <Filter>Header Files\Engine\Object</Filter>
    </ClInclude>
    <ClInclude Include="component.h">
      <Filter>Header Files\Engine\Object</Filter>
    </ClInclude>
    <ClInclude Include="stb_image.h">
      <Filter>Header Files\Engine\Utils</Filter>
    </ClInclude>
    <ClInclude Include="test_game.h">
      <Filter>Header Files\Game\Engine Test</Filter>
    </ClInclude>
    <ClInclude Include="test_component.h">
      <Filter>Header Files\Game\Engine Test</Filter>
    </ClInclude>
    <ClInclude Include="transform.h">
      <Filter>Header Files\Engine\Object</Filter>
    </ClInclude>
    <ClInclude Include="vertex.h">
      <Filter>Header Files\Engine\Renderer</Filter>
    </ClInclude>
    <ClInclude Include="mesh_renderer.h">
      <Filter>Header Files\Engine\Object\Components</Filter>
    </ClInclude>
    <ClInclude Include="camera.h">
      <Filter>Header Files\Engine\Object\Components</Filter>
    </ClInclude>
    <ClInclude Include="texture.h">
      <Filter>Header Files\Engine\Renderer</Filter>
    </ClInclude>
  </ItemGroup>
  <ItemGroup>
    <ClCompile Include="core_engine.cpp">
      <Filter>Source Files\Engine\Core</Filter>
    </ClCompile>
    <ClCompile Include="game.cpp">
      <Filter>Source Files\Engine\Core</Filter>
    </ClCompile>
    <ClCompile Include="game_object.cpp">
      <Filter>Source Files\Engine\Object</Filter>
    </ClCompile>
    <ClCompile Include="math3d.cpp">
      <Filter>Source Files\Engine\Utils</Filter>
    </ClCompile>
    <ClCompile Include="utils.cpp">
      <Filter>Source Files\Engine\Utils</Filter>
    </ClCompile>
    <ClCompile Include="time.cpp">
      <Filter>Source Files\Engine\Utils</Filter>
    </ClCompile>
    <ClCompile Include="rendering_engine.cpp">
      <Filter>Source Files\Engine\Renderer</Filter>
    </ClCompile>
    <ClCompile Include="window.cpp">
      <Filter>Source Files\Engine\Renderer</Filter>
    </ClCompile>
    <ClCompile Include="input.cpp">
      <Filter>Source Files\Engine\Core</Filter>
    </ClCompile>
    <ClCompile Include="sdl_backend.cpp">
      <Filter>Source Files\Engine\Core</Filter>
    </ClCompile>
    <ClCompile Include="stb_image.c">
      <Filter>Source Files\Engine\Utils</Filter>
    </ClCompile>
    <ClCompile Include="main.cpp">
      <Filter>Source Files\Game\Engine Test</Filter>
    </ClCompile>
    <ClCompile Include="test_component.cpp">
      <Filter>Source Files\Game\Engine Test</Filter>
    </ClCompile>
    <ClCompile Include="test_game.cpp">
      <Filter>Source Files\Game\Engine Test</Filter>
    </ClCompile>
    <ClCompile Include="transform.cpp">
      <Filter>Source Files\Engine\Object</Filter>
    </ClCompile>
    <ClCompile Include="camera.cpp">
      <Filter>Source Files\Engine\Object\Components</Filter>
    </ClCompile>
    <ClCompile Include="texture.cpp">
      <Filter>Source Files\Engine\Renderer</Filter>
    </ClCompile>
  </ItemGroup>
</Project>